{
  "originHash" : "6225fcdfddeec6609139ad79a9ce23f2e2ef664dfb27ce64124608c90dc5a3b9",
  "pins" : [
    {
      "identity" : "commander",
      "kind" : "remoteSourceControl",
      "location" : "https://github.com/steipete/Commander.git",
      "state" : {
        "revision" : "9e349575c8e3c6745e81fe19e5bb5efa01b078ce",
        "version" : "0.2.1"
      }
    },
    {
      "identity" : "imsg",
      "kind" : "remoteSourceControl",
      "location" : "https://github.com/steipete/imsg.git",
      "state" : {
        "branch" : "main",
        "revision" : "9c328a247d1e3eb9e4c361c93e8ccfae423ae5ff"
      }
    },
    {
      "identity" : "ollama-swift",
      "kind" : "remoteSourceControl",
      "location" : "https://github.com/mattt/ollama-swift.git",
      "state" : {
        "branch" : "main",
        "revision" : "63a8891509399450322b19786b129024b612bcf3"
      }
    },
    {
      "identity" : "phonenumberkit",
      "kind" : "remoteSourceControl",
      "location" : "https://github.com/marmelroy/PhoneNumberKit.git",
      "state" : {
        "revision" : "e0f91a22bbc96a67430e1cff502f943a67a97ed3",
        "version" : "4.2.5"
      }
    },
    {
      "identity" : "sqlite.swift",
      "kind" : "remoteSourceControl",
      "location" : "https://github.com/stephencelis/SQLite.swift.git",
      "state" : {
        "revision" : "0c08856385fe24f7b76d8c51842d78a196e8e817",
        "version" : "0.15.5"
      }
    }
  ],
  "version" : 3
}
